PODS:
  - FBSnapshotTestCase (2.1.4):
    - FBSnapshotTestCase/SwiftSupport (= 2.1.4)
  - FBSnapshotTestCase/Core (2.1.4)
  - FBSnapshotTestCase/SwiftSupport (2.1.4):
    - FBSnapshotTestCase/Core
  - VVCompositeButton (0.1.0)

DEPENDENCIES:
  - FBSnapshotTestCase (~> 2.1.4)
  - VVCompositeButton (from `../`)

SPEC REPOS:
  https://github.com/cocoapods/specs.git:
    - FBSnapshotTestCase

EXTERNAL SOURCES:
  VVCompositeButton:
    :path: "../"

SPEC CHECKSUMS:
  FBSnapshotTestCase: 094f9f314decbabe373b87cc339bea235a63e07a
  VVCompositeButton: e7272667c309f485b2ea162d501883cd16b7877e

PODFILE CHECKSUM: 4fec203132a4680597ea78190b6c39f29466f9d7

COCOAPODS: 1.5.3
